{
  "originHash" : "cab12270918dfe039257e27d9f02918de416a8bcbc96701dce518eb06a91c674",
  "pins" : [
    {
      "identity" : "cryptoswift",
      "kind" : "remoteSourceControl",
      "location" : "https://github.com/krzyzanowskim/CryptoSwift",
      "state" : {
        "revision" : "e45a26384239e028ec87fbcc788f513b67e10d8f",
        "version" : "1.9.0"
      }
    },
    {
      "identity" : "slidebutton",
      "kind" : "remoteSourceControl",
      "location" : "https://github.com/itsmojo/SlideButton",
      "state" : {
        "branch" : "main",
        "revision" : "78ce2a760fe71dbeed8cbfbd0edf0c5b3c87f87c"
      }
    }
  ],
  "version" : 3
}
